// !$*UTF8*$!
{
	archiveVersion = 1;
	classes = {
	};
	objectVersion = 46;
	objects = {

/* Begin PBXBuildFile section */
		11E28B750FFAB3E28AEA301F /* Pods_Abay_Ai.framework in Frameworks */ = {isa = PBXBuildFile; fileRef = B8788CDD466A005D4D14C546 /* Pods_Abay_Ai.framework */; };
		FF32DEC01F003F8500D21877 /* AppDelegate.swift in Sources */ = {isa = PBXBuildFile; fileRef = FF32DEBF1F003F8500D21877 /* AppDelegate.swift */; };
		FF32DEC21F003F8500D21877 /* ViewController.swift in Sources */ = {isa = PBXBuildFile; fileRef = FF32DEC11F003F8500D21877 /* ViewController.swift */; };
		FF32DEC51F003F8500D21877 /* Main.storyboard in Resources */ = {isa = PBXBuildFile; fileRef = FF32DEC31F003F8500D21877 /* Main.storyboard */; };
		FF32DEC71F003F8500D21877 /* Assets.xcassets in Resources */ = {isa = PBXBuildFile; fileRef = FF32DEC61F003F8500D21877 /* Assets.xcassets */; };
		FF32DECA1F003F8500D21877 /* LaunchScreen.storyboard in Resources */ = {isa = PBXBuildFile; fileRef = FF32DEC81F003F8500D21877 /* LaunchScreen.storyboard */; };
/* End PBXBuildFile section */

/* Begin PBXFileReference section */
		4B1591C96E86E10EAD64A7C3 /* Pods-Abay-Ai.debug.xcconfig */ = {isa = PBXFileReference; includeInIndex = 1; lastKnownFileType = text.xcconfig; name = "Pods-Abay-Ai.debug.xcconfig"; path = "Pods/Target Support Files/Pods-Abay-Ai/Pods-Abay-Ai.debug.xcconfig"; sourceTree = "<group>"; };
		565FC105A022F611A420D5A9 /* Pods-Abay-Ai.release.xcconfig */ = {isa = PBXFileReference; includeInIndex = 1; lastKnownFileType = text.xcconfig; name = "Pods-Abay-Ai.release.xcconfig"; path = "Pods/Target Support Files/Pods-Abay-Ai/Pods-Abay-Ai.release.xcconfig"; sourceTree = "<group>"; };
		B8788CDD466A005D4D14C546 /* Pods_Abay_Ai.framework */ = {isa = PBXFileReference; explicitFileType = wrapper.framework; includeInIndex = 0; path = Pods_Abay_Ai.framework; sourceTree = BUILT_PRODUCTS_DIR; };
		FF32DEBC1F003F8500D21877 /* Abay-Ai.app */ = {isa = PBXFileReference; explicitFileType = wrapper.application; includeInIndex = 0; path = "Abay-Ai.app"; sourceTree = BUILT_PRODUCTS_DIR; };
		FF32DEBF1F003F8500D21877 /* AppDelegate.swift */ = {isa = PBXFileReference; lastKnownFileType = sourcecode.swift; path = AppDelegate.swift; sourceTree = "<group>"; };
		FF32DEC11F003F8500D21877 /* ViewController.swift */ = {isa = PBXFileReference; lastKnownFileType = sourcecode.swift; path = ViewController.swift; sourceTree = "<group>"; };
		FF32DEC41F003F8500D21877 /* Base */ = {isa = PBXFileReference; lastKnownFileType = file.storyboard; name = Base; path = Base.lproj/Main.storyboard; sourceTree = "<group>"; };
		FF32DEC61F003F8500D21877 /* Assets.xcassets */ = {isa = PBXFileReference; lastKnownFileType = folder.assetcatalog; path = Assets.xcassets; sourceTree = "<group>"; };
		FF32DEC91F003F8500D21877 /* Base */ = {isa = PBXFileReference; lastKnownFileType = file.storyboard; name = Base; path = Base.lproj/LaunchScreen.storyboard; sourceTree = "<group>"; };
		FF32DECB1F003F8500D21877 /* Info.plist */ = {isa = PBXFileReference; lastKnownFileType = text.plist.xml; path = Info.plist; sourceTree = "<group>"; };
/* End PBXFileReference section */

/* Begin PBXFrameworksBuildPhase section */
		FF32DEB91F003F8500D21877 /* Frameworks */ = {
			isa = PBXFrameworksBuildPhase;
			buildActionMask = 2147483647;
			files = (
				11E28B750FFAB3E28AEA301F /* Pods_Abay_Ai.framework in Frameworks */,
			);
			runOnlyForDeploymentPostprocessing = 0;
		};
/* End PBXFrameworksBuildPhase section */

/* Begin PBXGroup section */
		2256BCBB41E76BCD8863A9BE /* Frameworks */ = {
			isa = PBXGroup;
			children = (
				B8788CDD466A005D4D14C546 /* Pods_Abay_Ai.framework */,
			);
			name = Frameworks;
			sourceTree = "<group>";
		};
		84E942172630EA8C04FCB4B1 /* Pods */ = {
			isa = PBXGroup;
			children = (
				4B1591C96E86E10EAD64A7C3 /* Pods-Abay-Ai.debug.xcconfig */,
				565FC105A022F611A420D5A9 /* Pods-Abay-Ai.release.xcconfig */,
			);
			name = Pods;
			sourceTree = "<group>";
		};
		FF32DEB31F003F8500D21877 = {
			isa = PBXGroup;
			children = (
				FF32DEBE1F003F8500D21877 /* Abay-Ai */,
				FF32DEBD1F003F8500D21877 /* Products */,
				84E942172630EA8C04FCB4B1 /* Pods */,
				2256BCBB41E76BCD8863A9BE /* Frameworks */,
			);
			sourceTree = "<group>";
		};
		FF32DEBD1F003F8500D21877 /* Products */ = {
			isa = PBXGroup;
			children = (
				FF32DEBC1F003F8500D21877 /* Abay-Ai.app */,
			);
			name = Products;
			sourceTree = "<group>";
		};
		FF32DEBE1F003F8500D21877 /* Abay-Ai */ = {
			isa = PBXGroup;
			children = (
				FF32DEBF1F003F8500D21877 /* AppDelegate.swift */,
				FF32DEC11F003F8500D21877 /* ViewController.swift */,
				FF32DEC31F003F8500D21877 /* Main.storyboard */,
				FF32DEC61F003F8500D21877 /* Assets.xcassets */,
				FF32DEC81F003F8500D21877 /* LaunchScreen.storyboard */,
				FF32DECB1F003F8500D21877 /* Info.plist */,
			);
			path = "Abay-Ai";
			sourceTree = "<group>";
		};
/* End PBXGroup section */

/* Begin PBXNativeTarget section */
		FF32DEBB1F003F8500D21877 /* Abay-Ai */ = {
			isa = PBXNativeTarget;
			buildConfigurationList = FF32DECE1F003F8500D21877 /* Build configuration list for PBXNativeTarget "Abay-Ai" */;
			buildPhases = (
				A8AB82F46ACB0F6F21CC513B /* [CP] Check Pods Manifest.lock */,
				FF32DEB81F003F8500D21877 /* Sources */,
				FF32DEB91F003F8500D21877 /* Frameworks */,
				FF32DEBA1F003F8500D21877 /* Resources */,
				C88BC5F7079248F3AEDCC5E9 /* [CP] Embed Pods Frameworks */,
				199495B20E72FB598C434B1E /* [CP] Copy Pods Resources */,
			);
			buildRules = (
			);
			dependencies = (
			);
			name = "Abay-Ai";
			productName = "Abay-Ai";
			productReference = FF32DEBC1F003F8500D21877 /* Abay-Ai.app */;
			productType = "com.apple.product-type.application";
		};
/* End PBXNativeTarget section */

/* Begin PBXProject section */
		FF32DEB41F003F8500D21877 /* Project object */ = {
			isa = PBXProject;
			attributes = {
				LastSwiftUpdateCheck = 0830;
				LastUpgradeCheck = 0900;
				ORGANIZATIONNAME = "Raikhan Khassenova";
				TargetAttributes = {
					FF32DEBB1F003F8500D21877 = {
						CreatedOnToolsVersion = 8.3.1;
						DevelopmentTeam = 4FPBJLCKY8;
						ProvisioningStyle = Automatic;
					};
				};
			};
			buildConfigurationList = FF32DEB71F003F8500D21877 /* Build configuration list for PBXProject "Abay-Ai" */;
			compatibilityVersion = "Xcode 3.2";
			developmentRegion = English;
			hasScannedForEncodings = 0;
			knownRegions = (
				en,
				Base,
			);
			mainGroup = FF32DEB31F003F8500D21877;
			productRefGroup = FF32DEBD1F003F8500D21877 /* Products */;
			projectDirPath = "";
			projectRoot = "";
			targets = (
				FF32DEBB1F003F8500D21877 /* Abay-Ai */,
			);
		};
/* End PBXProject section */

/* Begin PBXResourcesBuildPhase section */
		FF32DEBA1F003F8500D21877 /* Resources */ = {
			isa = PBXResourcesBuildPhase;
			buildActionMask = 2147483647;
			files = (
				FF32DECA1F003F8500D21877 /* LaunchScreen.storyboard in Resources */,
				FF32DEC71F003F8500D21877 /* Assets.xcassets in Resources */,
				FF32DEC51F003F8500D21877 /* Main.storyboard in Resources */,
			);
			runOnlyForDeploymentPostprocessing = 0;
		};
/* End PBXResourcesBuildPhase section */

/* Begin PBXShellScriptBuildPhase section */
		199495B20E72FB598C434B1E /* [CP] Copy Pods Resources */ = {
			isa = PBXShellScriptBuildPhase;
			buildActionMask = 2147483647;
			files = (
			);
			inputPaths = (
			);
			name = "[CP] Copy Pods Resources";
			outputPaths = (
			);
			runOnlyForDeploymentPostprocessing = 0;
			shellPath = /bin/sh;
			shellScript = "\"${SRCROOT}/Pods/Target Support Files/Pods-Abay-Ai/Pods-Abay-Ai-resources.sh\"\n";
			showEnvVarsInLog = 0;
		};
		A8AB82F46ACB0F6F21CC513B /* [CP] Check Pods Manifest.lock */ = {
			isa = PBXShellScriptBuildPhase;
			buildActionMask = 2147483647;
			files = (
			);
			inputPaths = (
			);
			name = "[CP] Check Pods Manifest.lock";
			outputPaths = (
			);
			runOnlyForDeploymentPostprocessing = 0;
			shellPath = /bin/sh;
			shellScript = "diff \"${PODS_PODFILE_DIR_PATH}/Podfile.lock\" \"${PODS_ROOT}/Manifest.lock\" > /dev/null\nif [ $? != 0 ] ; then\n    # print error to STDERR\n    echo \"error: The sandbox is not in sync with the Podfile.lock. Run 'pod install' or update your CocoaPods installation.\" >&2\n    exit 1\nfi\n";
			showEnvVarsInLog = 0;
		};
		C88BC5F7079248F3AEDCC5E9 /* [CP] Embed Pods Frameworks */ = {
			isa = PBXShellScriptBuildPhase;
			buildActionMask = 2147483647;
			files = (
			);
			inputPaths = (
			);
			name = "[CP] Embed Pods Frameworks";
			outputPaths = (
			);
			runOnlyForDeploymentPostprocessing = 0;
			shellPath = /bin/sh;
			shellScript = "\"${SRCROOT}/Pods/Target Support Files/Pods-Abay-Ai/Pods-Abay-Ai-frameworks.sh\"\n";
			showEnvVarsInLog = 0;
		};
/* End PBXShellScriptBuildPhase section */

/* Begin PBXSourcesBuildPhase section */
		FF32DEB81F003F8500D21877 /* Sources */ = {
			isa = PBXSourcesBuildPhase;
			buildActionMask = 2147483647;
			files = (
				FF32DEC21F003F8500D21877 /* ViewController.swift in Sources */,
				FF32DEC01F003F8500D21877 /* AppDelegate.swift in Sources */,
			);
			runOnlyForDeploymentPostprocessing = 0;
		};
/* End PBXSourcesBuildPhase section */

/* Begin PBXVariantGroup section */
		FF32DEC31F003F8500D21877 /* Main.storyboard */ = {
			isa = PBXVariantGroup;
			children = (
				FF32DEC41F003F8500D21877 /* Base */,
			);
			name = Main.storyboard;
			sourceTree = "<group>";
		};
		FF32DEC81F003F8500D21877 /* LaunchScreen.storyboard */ = {
			isa = PBXVariantGroup;
			children = (
				FF32DEC91F003F8500D21877 /* Base */,
			);
			name = LaunchScreen.storyboard;
			sourceTree = "<group>";
		};
/* End PBXVariantGroup section */

/* Begin XCBuildConfiguration section */
		FF32DECC1F003F8500D21877 /* Debug */ = {
			isa = XCBuildConfiguration;
			buildSettings = {
				ALWAYS_SEARCH_USER_PATHS = NO;
				CLANG_ANALYZER_NONNULL = YES;
				CLANG_ANALYZER_NUMBER_OBJECT_CONVERSION = YES_AGGRESSIVE;
				CLANG_CXX_LANGUAGE_STANDARD = "gnu++0x";
				CLANG_CXX_LIBRARY = "libc++";
				CLANG_ENABLE_MODULES = YES;
				CLANG_ENABLE_OBJC_ARC = YES;
				CLANG_WARN_BLOCK_CAPTURE_AUTORELEASING = YES;
				CLANG_WARN_BOOL_CONVERSION = YES;
				CLANG_WARN_COMMA = YES;
				CLANG_WARN_CONSTANT_CONVERSION = YES;
				CLANG_WARN_DIRECT_OBJC_ISA_USAGE = YES_ERROR;
				CLANG_WARN_DOCUMENTATION_COMMENTS = YES;
				CLANG_WARN_EMPTY_BODY = YES;
				CLANG_WARN_ENUM_CONVERSION = YES;
				CLANG_WARN_INFINITE_RECURSION = YES;
				CLANG_WARN_INT_CONVERSION = YES;
				CLANG_WARN_NON_LITERAL_NULL_CONVERSION = YES;
				CLANG_WARN_OBJC_LITERAL_CONVERSION = YES;
				CLANG_WARN_OBJC_ROOT_CLASS = YES_ERROR;
				CLANG_WARN_RANGE_LOOP_ANALYSIS = YES;
				CLANG_WARN_STRICT_PROTOTYPES = YES;
				CLANG_WARN_SUSPICIOUS_MOVE = YES;
				CLANG_WARN_UNREACHABLE_CODE = YES;
				CLANG_WARN__DUPLICATE_METHOD_MATCH = YES;
				"CODE_SIGN_IDENTITY[sdk=iphoneos*]" = "iPhone Developer";
				COPY_PHASE_STRIP = NO;
				DEBUG_INFORMATION_FORMAT = dwarf;
				ENABLE_STRICT_OBJC_MSGSEND = YES;
				ENABLE_TESTABILITY = YES;
				GCC_C_LANGUAGE_STANDARD = gnu99;
				GCC_DYNAMIC_NO_PIC = NO;
				GCC_NO_COMMON_BLOCKS = YES;
				GCC_OPTIMIZATION_LEVEL = 0;
				GCC_PREPROCESSOR_DEFINITIONS = (
					"DEBUG=1",
					"$(inherited)",
				);
				GCC_WARN_64_TO_32_BIT_CONVERSION = YES;
				GCC_WARN_ABOUT_RETURN_TYPE = YES_ERROR;
				GCC_WARN_UNDECLARED_SELECTOR = YES;
				GCC_WARN_UNINITIALIZED_AUTOS = YES_AGGRESSIVE;
				GCC_WARN_UNUSED_FUNCTION = YES;
				GCC_WARN_UNUSED_VARIABLE = YES;
				IPHONEOS_DEPLOYMENT_TARGET = 10.3;
				MTL_ENABLE_DEBUG_INFO = YES;
				ONLY_ACTIVE_ARCH = YES;
				SDKROOT = iphoneos;
				SWIFT_ACTIVE_COMPILATION_CONDITIONS = DEBUG;
				SWIFT_OPTIMIZATION_LEVEL = "-Onone";
				TARGETED_DEVICE_FAMILY = "1,2";
			};
			name = Debug;
		};
		FF32DECD1F003F8500D21877 /* Release */ = {
			isa = XCBuildConfiguration;
			buildSettings = {
				ALWAYS_SEARCH_USER_PATHS = NO;
				CLANG_ANALYZER_NONNULL = YES;
				CLANG_ANALYZER_NUMBER_OBJECT_CONVERSION = YES_AGGRESSIVE;
				CLANG_CXX_LANGUAGE_STANDARD = "gnu++0x";
				CLANG_CXX_LIBRARY = "libc++";
				CLANG_ENABLE_MODULES = YES;
				CLANG_ENABLE_OBJC_ARC = YES;
				CLANG_WARN_BLOCK_CAPTURE_AUTORELEASING = YES;
				CLANG_WARN_BOOL_CONVERSION = YES;
				CLANG_WARN_COMMA = YES;
				CLANG_WARN_CONSTANT_CONVERSION = YES;
				CLANG_WARN_DIRECT_OBJC_ISA_USAGE = YES_ERROR;
				CLANG_WARN_DOCUMENTATION_COMMENTS = YES;
				CLANG_WARN_EMPTY_BODY = YES;
				CLANG_WARN_ENUM_CONVERSION = YES;
				CLANG_WARN_INFINITE_RECURSION = YES;
				CLANG_WARN_INT_CONVERSION = YES;
				CLANG_WARN_NON_LITERAL_NULL_CONVERSION = YES;
				CLANG_WARN_OBJC_LITERAL_CONVERSION = YES;
				CLANG_WARN_OBJC_ROOT_CLASS = YES_ERROR;
				CLANG_WARN_RANGE_LOOP_ANALYSIS = YES;
				CLANG_WARN_STRICT_PROTOTYPES = YES;
				CLANG_WARN_SUSPICIOUS_MOVE = YES;
				CLANG_WARN_UNREACHABLE_CODE = YES;
				CLANG_WARN__DUPLICATE_METHOD_MATCH = YES;
				"CODE_SIGN_IDENTITY[sdk=iphoneos*]" = "iPhone Developer";
				COPY_PHASE_STRIP = NO;
				DEBUG_INFORMATION_FORMAT = "dwarf-with-dsym";
				ENABLE_NS_ASSERTIONS = NO;
				ENABLE_STRICT_OBJC_MSGSEND = YES;
				GCC_C_LANGUAGE_STANDARD = gnu99;
				GCC_NO_COMMON_BLOCKS = YES;
				GCC_WARN_64_TO_32_BIT_CONVERSION = YES;
				GCC_WARN_ABOUT_RETURN_TYPE = YES_ERROR;
				GCC_WARN_UNDECLARED_SELECTOR = YES;
				GCC_WARN_UNINITIALIZED_AUTOS = YES_AGGRESSIVE;
				GCC_WARN_UNUSED_FUNCTION = YES;
				GCC_WARN_UNUSED_VARIABLE = YES;
				IPHONEOS_DEPLOYMENT_TARGET = 10.3;
				MTL_ENABLE_DEBUG_INFO = NO;
				SDKROOT = iphoneos;
				SWIFT_OPTIMIZATION_LEVEL = "-Owholemodule";
				TARGETED_DEVICE_FAMILY = "1,2";
				VALIDATE_PRODUCT = YES;
			};
			name = Release;
		};
		FF32DECF1F003F8500D21877 /* Debug */ = {
			isa = XCBuildConfiguration;
			baseConfigurationReference = 4B1591C96E86E10EAD64A7C3 /* Pods-Abay-Ai.debug.xcconfig */;
			buildSettings = {
				ASSETCATALOG_COMPILER_APPICON_NAME = AppIcon;
				DEVELOPMENT_TEAM = 4FPBJLCKY8;
				INFOPLIST_FILE = "Abay-Ai/Info.plist";
				LD_RUNPATH_SEARCH_PATHS = "$(inherited) @executable_path/Frameworks";
				PRODUCT_BUNDLE_IDENTIFIER = "raihasen.Abay-Ai";
				PRODUCT_NAME = "$(TARGET_NAME)";
				SWIFT_VERSION = 3.0;
			};
			name = Debug;
		};
		FF32DED01F003F8500D21877 /* Release */ = {
			isa = XCBuildConfiguration;
			baseConfigurationReference = 565FC105A022F611A420D5A9 /* Pods-Abay-Ai.release.xcconfig */;
			buildSettings = {
				ASSETCATALOG_COMPILER_APPICON_NAME = AppIcon;
				DEVELOPMENT_TEAM = 4FPBJLCKY8;
				INFOPLIST_FILE = "Abay-Ai/Info.plist";
				LD_RUNPATH_SEARCH_PATHS = "$(inherited) @executable_path/Frameworks";
				PRODUCT_BUNDLE_IDENTIFIER = "raihasen.Abay-Ai";
				PRODUCT_NAME = "$(TARGET_NAME)";
				SWIFT_VERSION = 3.0;
			};
			name = Release;
		};
/* End XCBuildConfiguration section */

/* Begin XCConfigurationList section */
		FF32DEB71F003F8500D21877 /* Build configuration list for PBXProject "Abay-Ai" */ = {
			isa = XCConfigurationList;
			buildConfigurations = (
				FF32DECC1F003F8500D21877 /* Debug */,
				FF32DECD1F003F8500D21877 /* Release */,
			);
			defaultConfigurationIsVisible = 0;
			defaultConfigurationName = Release;
		};
		FF32DECE1F003F8500D21877 /* Build configuration list for PBXNativeTarget "Abay-Ai" */ = {
			isa = XCConfigurationList;
			buildConfigurations = (
				FF32DECF1F003F8500D21877 /* Debug */,
				FF32DED01F003F8500D21877 /* Release */,
			);
			defaultConfigurationIsVisible = 0;
			defaultConfigurationName = Release;
		};
/* End XCConfigurationList section */
	};
	rootObject = FF32DEB41F003F8500D21877 /* Project object */;
}
